
Microsoft Visual Studio Solution File, Format Version 12.00
# Visual Studio Version 17
VisualStudioVersion = 17.9.34701.34
MinimumVisualStudioVersion = 10.0.40219.1
Project("{FAE04EC0-301F-11D3-BF4B-00C04F79EFBC}") = "API", "API\API.csproj", "{7E991B42-7DE4-48D0-967C-7249EB7E2C51}"
EndProject
Project("{FAE04EC0-301F-11D3-BF4B-00C04F79EFBC}") = "Application", "Application\Application.csproj", "{EDC01919-9704-451A-A2BF-E749B93A1621}"
EndProject
Project("{FAE04EC0-301F-11D3-BF4B-00C04F79EFBC}") = "Domain", "Domain\Domain.csproj", "{3D4565E2-FA2C-44B5-9BD8-AFADAC675157}"
EndProject
Project("{FAE04EC0-301F-11D3-BF4B-00C04F79EFBC}") = "Persistence", "Persistence\Persistence.csproj", "{E5CA6839-4EB5-4C51-9B59-F46CA64DA953}"
EndProject
Global
	GlobalSection(SolutionConfigurationPlatforms) = preSolution
		Debug|Any CPU = Debug|Any CPU
		Release|Any CPU = Release|Any CPU
	EndGlobalSection
	GlobalSection(ProjectConfigurationPlatforms) = postSolution
		{7E991B42-7DE4-48D0-967C-7249EB7E2C51}.Debug|Any CPU.ActiveCfg = Debug|Any CPU
		{7E991B42-7DE4-48D0-967C-7249EB7E2C51}.Debug|Any CPU.Build.0 = Debug|Any CPU
		{7E991B42-7DE4-48D0-967C-7249EB7E2C51}.Release|Any CPU.ActiveCfg = Release|Any CPU
		{7E991B42-7DE4-48D0-967C-7249EB7E2C51}.Release|Any CPU.Build.0 = Release|Any CPU
		{EDC01919-9704-451A-A2BF-E749B93A1621}.Debug|Any CPU.ActiveCfg = Debug|Any CPU
		{EDC01919-9704-451A-A2BF-E749B93A1621}.Debug|Any CPU.Build.0 = Debug|Any CPU
		{EDC01919-9704-451A-A2BF-E749B93A1621}.Release|Any CPU.ActiveCfg = Release|Any CPU
		{EDC01919-9704-451A-A2BF-E749B93A1621}.Release|Any CPU.Build.0 = Release|Any CPU
		{3D4565E2-FA2C-44B5-9BD8-AFADAC675157}.Debug|Any CPU.ActiveCfg = Debug|Any CPU
		{3D4565E2-FA2C-44B5-9BD8-AFADAC675157}.Debug|Any CPU.Build.0 = Debug|Any CPU
		{3D4565E2-FA2C-44B5-9BD8-AFADAC675157}.Release|Any CPU.ActiveCfg = Release|Any CPU
		{3D4565E2-FA2C-44B5-9BD8-AFADAC675157}.Release|Any CPU.Build.0 = Release|Any CPU
		{E5CA6839-4EB5-4C51-9B59-F46CA64DA953}.Debug|Any CPU.ActiveCfg = Debug|Any CPU
		{E5CA6839-4EB5-4C51-9B59-F46CA64DA953}.Debug|Any CPU.Build.0 = Debug|Any CPU
		{E5CA6839-4EB5-4C51-9B59-F46CA64DA953}.Release|Any CPU.ActiveCfg = Release|Any CPU
		{E5CA6839-4EB5-4C51-9B59-F46CA64DA953}.Release|Any CPU.Build.0 = Release|Any CPU
	EndGlobalSection
	GlobalSection(SolutionProperties) = preSolution
		HideSolutionNode = FALSE
	EndGlobalSection
	GlobalSection(ExtensibilityGlobals) = postSolution
		SolutionGuid = {0C61B1F6-FFD3-4AB8-A7EC-570B57DE87AE}
	EndGlobalSection
EndGlobal
